
Microsoft Visual Studio Solution File, Format Version 12.00
# Visual Studio 15
VisualStudioVersion = 15.0.28307.572
MinimumVisualStudioVersion = 10.0.40219.1
Project("{FAE04EC0-301F-11D3-BF4B-00C04F79EFBC}") = "KeepInBlocksApi", "KeepInBlocksApi\KeepInBlocksApi.csproj", "{40F9A686-D6BC-4B22-8EC4-8D9C3BED19FA}"
EndProject
Global
	GlobalSection(SolutionConfigurationPlatforms) = preSolution
		Debug|Any CPU = Debug|Any CPU
		Release|Any CPU = Release|Any CPU
	EndGlobalSection
	GlobalSection(ProjectConfigurationPlatforms) = postSolution
		{40F9A686-D6BC-4B22-8EC4-8D9C3BED19FA}.Debug|Any CPU.ActiveCfg = Debug|Any CPU
		{40F9A686-D6BC-4B22-8EC4-8D9C3BED19FA}.Debug|Any CPU.Build.0 = Debug|Any CPU
		{40F9A686-D6BC-4B22-8EC4-8D9C3BED19FA}.Release|Any CPU.ActiveCfg = Release|Any CPU
		{40F9A686-D6BC-4B22-8EC4-8D9C3BED19FA}.Release|Any CPU.Build.0 = Release|Any CPU
	EndGlobalSection
	GlobalSection(SolutionProperties) = preSolution
		HideSolutionNode = FALSE
	EndGlobalSection
	GlobalSection(ExtensibilityGlobals) = postSolution
		SolutionGuid = {3EA10031-C6B9-4B3F-9321-338DD26D31A1}
	EndGlobalSection
EndGlobal
